
Microsoft Visual Studio Solution File, Format Version 12.00
# Visual Studio Version 16
VisualStudioVersion = 16.0.29201.188
MinimumVisualStudioVersion = 10.0.40219.1
Project("{8BC9CEB8-8B4A-11D0-8D11-00A0C91BC942}") = "TW-CDXX", "TW-CDXX\TW-CDXX.vcxproj", "{D6811311-75C7-4977-B9A3-AD6BE708DA81}"
EndProject
Global
	GlobalSection(SolutionConfigurationPlatforms) = preSolution
		Debug|x64 = Debug|x64
		Debug|x86 = Debug|x86
		Release|x64 = Release|x64
		Release|x86 = Release|x86
	EndGlobalSection
	GlobalSection(ProjectConfigurationPlatforms) = postSolution
		{D6811311-75C7-4977-B9A3-AD6BE708DA81}.Debug|x64.ActiveCfg = Debug|x64
		{D6811311-75C7-4977-B9A3-AD6BE708DA81}.Debug|x64.Build.0 = Debug|x64
		{D6811311-75C7-4977-B9A3-AD6BE708DA81}.Debug|x86.ActiveCfg = Debug|Win32
		{D6811311-75C7-4977-B9A3-AD6BE708DA81}.Debug|x86.Build.0 = Debug|Win32
		{D6811311-75C7-4977-B9A3-AD6BE708DA81}.Release|x64.ActiveCfg = Release|x64
		{D6811311-75C7-4977-B9A3-AD6BE708DA81}.Release|x64.Build.0 = Release|x64
		{D6811311-75C7-4977-B9A3-AD6BE708DA81}.Release|x86.ActiveCfg = Release|Win32
		{D6811311-75C7-4977-B9A3-AD6BE708DA81}.Release|x86.Build.0 = Release|Win32
	EndGlobalSection
	GlobalSection(SolutionProperties) = preSolution
		HideSolutionNode = FALSE
	EndGlobalSection
	GlobalSection(ExtensibilityGlobals) = postSolution
		SolutionGuid = {967AF3D6-AA4B-4F25-AE5A-59BB82F817CB}
	EndGlobalSection
EndGlobal
